
Microsoft Visual Studio Solution File, Format Version 12.00
# Visual Studio Version 17
VisualStudioVersion = 17.9.34714.143
MinimumVisualStudioVersion = 10.0.40219.1
Project("{FAE04EC0-301F-11D3-BF4B-00C04F79EFBC}") = "MatrixOperations", "MatrixOperations\MatrixOperations.csproj", "{3F59EF2E-0C60-4F78-AC9D-529F30069163}"
EndProject
Project("{FAE04EC0-301F-11D3-BF4B-00C04F79EFBC}") = "MatrixOperationsTests", "MatrixOperationsTests\MatrixOperationsTests.csproj", "{846B5426-62C1-4F48-8DCA-F8AE17F3595D}"
EndProject
Global
	GlobalSection(SolutionConfigurationPlatforms) = preSolution
		Debug|Any CPU = Debug|Any CPU
		Release|Any CPU = Release|Any CPU
	EndGlobalSection
	GlobalSection(ProjectConfigurationPlatforms) = postSolution
		{3F59EF2E-0C60-4F78-AC9D-529F30069163}.Debug|Any CPU.ActiveCfg = Debug|Any CPU
		{3F59EF2E-0C60-4F78-AC9D-529F30069163}.Debug|Any CPU.Build.0 = Debug|Any CPU
		{3F59EF2E-0C60-4F78-AC9D-529F30069163}.Release|Any CPU.ActiveCfg = Release|Any CPU
		{3F59EF2E-0C60-4F78-AC9D-529F30069163}.Release|Any CPU.Build.0 = Release|Any CPU
		{846B5426-62C1-4F48-8DCA-F8AE17F3595D}.Debug|Any CPU.ActiveCfg = Debug|Any CPU
		{846B5426-62C1-4F48-8DCA-F8AE17F3595D}.Debug|Any CPU.Build.0 = Debug|Any CPU
		{846B5426-62C1-4F48-8DCA-F8AE17F3595D}.Release|Any CPU.ActiveCfg = Release|Any CPU
		{846B5426-62C1-4F48-8DCA-F8AE17F3595D}.Release|Any CPU.Build.0 = Release|Any CPU
	EndGlobalSection
	GlobalSection(SolutionProperties) = preSolution
		HideSolutionNode = FALSE
	EndGlobalSection
	GlobalSection(ExtensibilityGlobals) = postSolution
		SolutionGuid = {F425F1FF-4218-4A24-A081-C5BD4F9CB2CF}
	EndGlobalSection
EndGlobal
